
Microsoft Visual Studio Solution File, Format Version 10.00
# Visual Studio 2008
Project("{8BC9CEB8-8B4A-11D0-8D11-00A0C91BC942}") = "Money", "Money.vcproj", "{A1238452-94CA-3ACF-81D1-7D1A8F3D2C39}"
EndProject
Global
	GlobalSection(SolutionConfigurationPlatforms) = preSolution
		Debug|Win32 = Debug|Win32
		Release|Win32 = Release|Win32
	EndGlobalSection
	GlobalSection(ProjectConfigurationPlatforms) = postSolution
		{A1238452-94CA-3ACF-81D1-7D1A8F3D2C39}.Debug|Win32.ActiveCfg = Debug|Win32
		{A1238452-94CA-3ACF-81D1-7D1A8F3D2C39}.Debug|Win32.Build.0 = Debug|Win32
		{A1238452-94CA-3ACF-81D1-7D1A8F3D2C39}.Release|Win32.ActiveCfg = Release|Win32
		{A1238452-94CA-3ACF-81D1-7D1A8F3D2C39}.Release|Win32.Build.0 = Release|Win32
	EndGlobalSection
	GlobalSection(SolutionProperties) = preSolution
		HideSolutionNode = FALSE
	EndGlobalSection
EndGlobal
